
Microsoft Visual Studio Solution File, Format Version 12.00
# Visual Studio Version 16
VisualStudioVersion = 16.0.32802.440
MinimumVisualStudioVersion = 10.0.40219.1
Project("{FAE04EC0-301F-11D3-BF4B-00C04F79EFBC}") = "0308hw", "0308hw\0308hw.csproj", "{CE2616E3-DA5F-4B0F-BE9F-32F8C20EBF53}"
EndProject
Global
	GlobalSection(SolutionConfigurationPlatforms) = preSolution
		Debug|Any CPU = Debug|Any CPU
		Release|Any CPU = Release|Any CPU
	EndGlobalSection
	GlobalSection(ProjectConfigurationPlatforms) = postSolution
		{CE2616E3-DA5F-4B0F-BE9F-32F8C20EBF53}.Debug|Any CPU.ActiveCfg = Debug|Any CPU
		{CE2616E3-DA5F-4B0F-BE9F-32F8C20EBF53}.Debug|Any CPU.Build.0 = Debug|Any CPU
		{CE2616E3-DA5F-4B0F-BE9F-32F8C20EBF53}.Release|Any CPU.ActiveCfg = Release|Any CPU
		{CE2616E3-DA5F-4B0F-BE9F-32F8C20EBF53}.Release|Any CPU.Build.0 = Release|Any CPU
	EndGlobalSection
	GlobalSection(SolutionProperties) = preSolution
		HideSolutionNode = FALSE
	EndGlobalSection
	GlobalSection(ExtensibilityGlobals) = postSolution
		SolutionGuid = {8FDB0221-0D88-4F3F-A6F7-4A614532BB53}
	EndGlobalSection
EndGlobal
